// !$*UTF8*$!
{
	archiveVersion = 1;
	classes = {
	};
	objectVersion = 46;
	objects = {

/* Begin PBXBuildFile section */
		0DFC25CE1DA68EFA00F2BBCA /* AppDelegate.swift in Sources */ = {isa = PBXBuildFile; fileRef = 0DFC25CD1DA68EFA00F2BBCA /* AppDelegate.swift */; };
		0DFC25D01DA68EFA00F2BBCA /* ViewController.swift in Sources */ = {isa = PBXBuildFile; fileRef = 0DFC25CF1DA68EFA00F2BBCA /* ViewController.swift */; };
		0DFC25D31DA68EFA00F2BBCA /* Main.storyboard in Resources */ = {isa = PBXBuildFile; fileRef = 0DFC25D11DA68EFA00F2BBCA /* Main.storyboard */; };
		0DFC25D51DA68EFA00F2BBCA /* Assets.xcassets in Resources */ = {isa = PBXBuildFile; fileRef = 0DFC25D41DA68EFA00F2BBCA /* Assets.xcassets */; };
		0DFC25D81DA68EFA00F2BBCA /* LaunchScreen.storyboard in Resources */ = {isa = PBXBuildFile; fileRef = 0DFC25D61DA68EFA00F2BBCA /* LaunchScreen.storyboard */; };
		0DFC25E01DA690A100F2BBCA /* CollectionViewCell.swift in Sources */ = {isa = PBXBuildFile; fileRef = 0DFC25DF1DA690A100F2BBCA /* CollectionViewCell.swift */; };
		0DFC25E21DA69B6E00F2BBCA /* Model.swift in Sources */ = {isa = PBXBuildFile; fileRef = 0DFC25E11DA69B6E00F2BBCA /* Model.swift */; };
		0DFC25E41DA6E4EB00F2BBCA /* SecondViewController.swift in Sources */ = {isa = PBXBuildFile; fileRef = 0DFC25E31DA6E4EB00F2BBCA /* SecondViewController.swift */; };
/* End PBXBuildFile section */

/* Begin PBXFileReference section */
		0DFC25CA1DA68EFA00F2BBCA /* APM.app */ = {isa = PBXFileReference; explicitFileType = wrapper.application; includeInIndex = 0; path = APM.app; sourceTree = BUILT_PRODUCTS_DIR; };
		0DFC25CD1DA68EFA00F2BBCA /* AppDelegate.swift */ = {isa = PBXFileReference; lastKnownFileType = sourcecode.swift; path = AppDelegate.swift; sourceTree = "<group>"; };
		0DFC25CF1DA68EFA00F2BBCA /* ViewController.swift */ = {isa = PBXFileReference; lastKnownFileType = sourcecode.swift; path = ViewController.swift; sourceTree = "<group>"; };
		0DFC25D21DA68EFA00F2BBCA /* Base */ = {isa = PBXFileReference; lastKnownFileType = file.storyboard; name = Base; path = Base.lproj/Main.storyboard; sourceTree = "<group>"; };
		0DFC25D41DA68EFA00F2BBCA /* Assets.xcassets */ = {isa = PBXFileReference; lastKnownFileType = folder.assetcatalog; path = Assets.xcassets; sourceTree = "<group>"; };
		0DFC25D71DA68EFA00F2BBCA /* Base */ = {isa = PBXFileReference; lastKnownFileType = file.storyboard; name = Base; path = Base.lproj/LaunchScreen.storyboard; sourceTree = "<group>"; };
		0DFC25D91DA68EFA00F2BBCA /* Info.plist */ = {isa = PBXFileReference; lastKnownFileType = text.plist.xml; path = Info.plist; sourceTree = "<group>"; };
		0DFC25DF1DA690A100F2BBCA /* CollectionViewCell.swift */ = {isa = PBXFileReference; fileEncoding = 4; lastKnownFileType = sourcecode.swift; path = CollectionViewCell.swift; sourceTree = "<group>"; };
		0DFC25E11DA69B6E00F2BBCA /* Model.swift */ = {isa = PBXFileReference; fileEncoding = 4; lastKnownFileType = sourcecode.swift; path = Model.swift; sourceTree = "<group>"; };
		0DFC25E31DA6E4EB00F2BBCA /* SecondViewController.swift */ = {isa = PBXFileReference; fileEncoding = 4; lastKnownFileType = sourcecode.swift; path = SecondViewController.swift; sourceTree = "<group>"; };
/* End PBXFileReference section */

/* Begin PBXFrameworksBuildPhase section */
		0DFC25C71DA68EFA00F2BBCA /* Frameworks */ = {
			isa = PBXFrameworksBuildPhase;
			buildActionMask = 2147483647;
			files = (
			);
			runOnlyForDeploymentPostprocessing = 0;
		};
/* End PBXFrameworksBuildPhase section */

/* Begin PBXGroup section */
		0DFC25C11DA68EFA00F2BBCA = {
			isa = PBXGroup;
			children = (
				0DFC25CC1DA68EFA00F2BBCA /* APM */,
				0DFC25CB1DA68EFA00F2BBCA /* Products */,
			);
			sourceTree = "<group>";
		};
		0DFC25CB1DA68EFA00F2BBCA /* Products */ = {
			isa = PBXGroup;
			children = (
				0DFC25CA1DA68EFA00F2BBCA /* APM.app */,
			);
			name = Products;
			sourceTree = "<group>";
		};
		0DFC25CC1DA68EFA00F2BBCA /* APM */ = {
			isa = PBXGroup;
			children = (
				0DFC25CD1DA68EFA00F2BBCA /* AppDelegate.swift */,
				0DFC25CF1DA68EFA00F2BBCA /* ViewController.swift */,
				0DFC25D11DA68EFA00F2BBCA /* Main.storyboard */,
				0DFC25D41DA68EFA00F2BBCA /* Assets.xcassets */,
				0DFC25D61DA68EFA00F2BBCA /* LaunchScreen.storyboard */,
				0DFC25D91DA68EFA00F2BBCA /* Info.plist */,
				0DFC25DF1DA690A100F2BBCA /* CollectionViewCell.swift */,
				0DFC25E11DA69B6E00F2BBCA /* Model.swift */,
				0DFC25E31DA6E4EB00F2BBCA /* SecondViewController.swift */,
			);
			path = APM;
			sourceTree = "<group>";
		};
/* End PBXGroup section */

/* Begin PBXNativeTarget section */
		0DFC25C91DA68EFA00F2BBCA /* APM */ = {
			isa = PBXNativeTarget;
			buildConfigurationList = 0DFC25DC1DA68EFA00F2BBCA /* Build configuration list for PBXNativeTarget "APM" */;
			buildPhases = (
				0DFC25C61DA68EFA00F2BBCA /* Sources */,
				0DFC25C71DA68EFA00F2BBCA /* Frameworks */,
				0DFC25C81DA68EFA00F2BBCA /* Resources */,
			);
			buildRules = (
			);
			dependencies = (
			);
			name = APM;
			productName = APM;
			productReference = 0DFC25CA1DA68EFA00F2BBCA /* APM.app */;
			productType = "com.apple.product-type.application";
		};
/* End PBXNativeTarget section */

/* Begin PBXProject section */
		0DFC25C21DA68EFA00F2BBCA /* Project object */ = {
			isa = PBXProject;
			attributes = {
				LastSwiftUpdateCheck = 0730;
				LastUpgradeCheck = 0820;
				ORGANIZATIONNAME = "Lucas BELVALETTE";
				TargetAttributes = {
					0DFC25C91DA68EFA00F2BBCA = {
						CreatedOnToolsVersion = 7.3.1;
						LastSwiftMigration = 0820;
					};
				};
			};
			buildConfigurationList = 0DFC25C51DA68EFA00F2BBCA /* Build configuration list for PBXProject "APM" */;
			compatibilityVersion = "Xcode 3.2";
			developmentRegion = English;
			hasScannedForEncodings = 0;
			knownRegions = (
				en,
				Base,
			);
			mainGroup = 0DFC25C11DA68EFA00F2BBCA;
			productRefGroup = 0DFC25CB1DA68EFA00F2BBCA /* Products */;
			projectDirPath = "";
			projectRoot = "";
			targets = (
				0DFC25C91DA68EFA00F2BBCA /* APM */,
			);
		};
/* End PBXProject section */

/* Begin PBXResourcesBuildPhase section */
		0DFC25C81DA68EFA00F2BBCA /* Resources */ = {
			isa = PBXResourcesBuildPhase;
			buildActionMask = 2147483647;
			files = (
				0DFC25D81DA68EFA00F2BBCA /* LaunchScreen.storyboard in Resources */,
				0DFC25D51DA68EFA00F2BBCA /* Assets.xcassets in Resources */,
				0DFC25D31DA68EFA00F2BBCA /* Main.storyboard in Resources */,
			);
			runOnlyForDeploymentPostprocessing = 0;
		};
/* End PBXResourcesBuildPhase section */

/* Begin PBXSourcesBuildPhase section */
		0DFC25C61DA68EFA00F2BBCA /* Sources */ = {
			isa = PBXSourcesBuildPhase;
			buildActionMask = 2147483647;
			files = (
				0DFC25D01DA68EFA00F2BBCA /* ViewController.swift in Sources */,
				0DFC25CE1DA68EFA00F2BBCA /* AppDelegate.swift in Sources */,
				0DFC25E01DA690A100F2BBCA /* CollectionViewCell.swift in Sources */,
				0DFC25E41DA6E4EB00F2BBCA /* SecondViewController.swift in Sources */,
				0DFC25E21DA69B6E00F2BBCA /* Model.swift in Sources */,
			);
			runOnlyForDeploymentPostprocessing = 0;
		};
/* End PBXSourcesBuildPhase section */

/* Begin PBXVariantGroup section */
		0DFC25D11DA68EFA00F2BBCA /* Main.storyboard */ = {
			isa = PBXVariantGroup;
			children = (
				0DFC25D21DA68EFA00F2BBCA /* Base */,
			);
			name = Main.storyboard;
			sourceTree = "<group>";
		};
		0DFC25D61DA68EFA00F2BBCA /* LaunchScreen.storyboard */ = {
			isa = PBXVariantGroup;
			children = (
				0DFC25D71DA68EFA00F2BBCA /* Base */,
			);
			name = LaunchScreen.storyboard;
			sourceTree = "<group>";
		};
/* End PBXVariantGroup section */

/* Begin XCBuildConfiguration section */
		0DFC25DA1DA68EFA00F2BBCA /* Debug */ = {
			isa = XCBuildConfiguration;
			buildSettings = {
				ALWAYS_SEARCH_USER_PATHS = NO;
				CLANG_ANALYZER_NONNULL = YES;
				CLANG_CXX_LANGUAGE_STANDARD = "gnu++0x";
				CLANG_CXX_LIBRARY = "libc++";
				CLANG_ENABLE_MODULES = YES;
				CLANG_ENABLE_OBJC_ARC = YES;
				CLANG_WARN_BOOL_CONVERSION = YES;
				CLANG_WARN_CONSTANT_CONVERSION = YES;
				CLANG_WARN_DIRECT_OBJC_ISA_USAGE = YES_ERROR;
				CLANG_WARN_EMPTY_BODY = YES;
				CLANG_WARN_ENUM_CONVERSION = YES;
				CLANG_WARN_INFINITE_RECURSION = YES;
				CLANG_WARN_INT_CONVERSION = YES;
				CLANG_WARN_OBJC_ROOT_CLASS = YES_ERROR;
				CLANG_WARN_SUSPICIOUS_MOVE = YES;
				CLANG_WARN_UNREACHABLE_CODE = YES;
				CLANG_WARN__DUPLICATE_METHOD_MATCH = YES;
				"CODE_SIGN_IDENTITY[sdk=iphoneos*]" = "iPhone Developer";
				COPY_PHASE_STRIP = NO;
				DEBUG_INFORMATION_FORMAT = dwarf;
				ENABLE_STRICT_OBJC_MSGSEND = YES;
				ENABLE_TESTABILITY = YES;
				GCC_C_LANGUAGE_STANDARD = gnu99;
				GCC_DYNAMIC_NO_PIC = NO;
				GCC_NO_COMMON_BLOCKS = YES;
				GCC_OPTIMIZATION_LEVEL = 0;
				GCC_PREPROCESSOR_DEFINITIONS = (
					"DEBUG=1",
					"$(inherited)",
				);
				GCC_WARN_64_TO_32_BIT_CONVERSION = YES;
				GCC_WARN_ABOUT_RETURN_TYPE = YES_ERROR;
				GCC_WARN_UNDECLARED_SELECTOR = YES;
				GCC_WARN_UNINITIALIZED_AUTOS = YES_AGGRESSIVE;
				GCC_WARN_UNUSED_FUNCTION = YES;
				GCC_WARN_UNUSED_VARIABLE = YES;
				IPHONEOS_DEPLOYMENT_TARGET = 9.3;
				MTL_ENABLE_DEBUG_INFO = YES;
				ONLY_ACTIVE_ARCH = YES;
				SDKROOT = iphoneos;
				SWIFT_OPTIMIZATION_LEVEL = "-Onone";
				TARGETED_DEVICE_FAMILY = "1,2";
			};
			name = Debug;
		};
		0DFC25DB1DA68EFA00F2BBCA /* Release */ = {
			isa = XCBuildConfiguration;
			buildSettings = {
				ALWAYS_SEARCH_USER_PATHS = NO;
				CLANG_ANALYZER_NONNULL = YES;
				CLANG_CXX_LANGUAGE_STANDARD = "gnu++0x";
				CLANG_CXX_LIBRARY = "libc++";
				CLANG_ENABLE_MODULES = YES;
				CLANG_ENABLE_OBJC_ARC = YES;
				CLANG_WARN_BOOL_CONVERSION = YES;
				CLANG_WARN_CONSTANT_CONVERSION = YES;
				CLANG_WARN_DIRECT_OBJC_ISA_USAGE = YES_ERROR;
				CLANG_WARN_EMPTY_BODY = YES;
				CLANG_WARN_ENUM_CONVERSION = YES;
				CLANG_WARN_INFINITE_RECURSION = YES;
				CLANG_WARN_INT_CONVERSION = YES;
				CLANG_WARN_OBJC_ROOT_CLASS = YES_ERROR;
				CLANG_WARN_SUSPICIOUS_MOVE = YES;
				CLANG_WARN_UNREACHABLE_CODE = YES;
				CLANG_WARN__DUPLICATE_METHOD_MATCH = YES;
				"CODE_SIGN_IDENTITY[sdk=iphoneos*]" = "iPhone Developer";
				COPY_PHASE_STRIP = NO;
				DEBUG_INFORMATION_FORMAT = "dwarf-with-dsym";
				ENABLE_NS_ASSERTIONS = NO;
				ENABLE_STRICT_OBJC_MSGSEND = YES;
				GCC_C_LANGUAGE_STANDARD = gnu99;
				GCC_NO_COMMON_BLOCKS = YES;
				GCC_WARN_64_TO_32_BIT_CONVERSION = YES;
				GCC_WARN_ABOUT_RETURN_TYPE = YES_ERROR;
				GCC_WARN_UNDECLARED_SELECTOR = YES;
				GCC_WARN_UNINITIALIZED_AUTOS = YES_AGGRESSIVE;
				GCC_WARN_UNUSED_FUNCTION = YES;
				GCC_WARN_UNUSED_VARIABLE = YES;
				IPHONEOS_DEPLOYMENT_TARGET = 9.3;
				MTL_ENABLE_DEBUG_INFO = NO;
				SDKROOT = iphoneos;
				SWIFT_OPTIMIZATION_LEVEL = "-Owholemodule";
				TARGETED_DEVICE_FAMILY = "1,2";
				VALIDATE_PRODUCT = YES;
			};
			name = Release;
		};
		0DFC25DD1DA68EFA00F2BBCA /* Debug */ = {
			isa = XCBuildConfiguration;
			buildSettings = {
				ASSETCATALOG_COMPILER_APPICON_NAME = AppIcon;
				INFOPLIST_FILE = APM/Info.plist;
				LD_RUNPATH_SEARCH_PATHS = "$(inherited) @executable_path/Frameworks";
				PRODUCT_BUNDLE_IDENTIFIER = lbelvale.APM;
				PRODUCT_NAME = "$(TARGET_NAME)";
				SWIFT_VERSION = 3.0;
			};
			name = Debug;
		};
		0DFC25DE1DA68EFA00F2BBCA /* Release */ = {
			isa = XCBuildConfiguration;
			buildSettings = {
				ASSETCATALOG_COMPILER_APPICON_NAME = AppIcon;
				INFOPLIST_FILE = APM/Info.plist;
				LD_RUNPATH_SEARCH_PATHS = "$(inherited) @executable_path/Frameworks";
				PRODUCT_BUNDLE_IDENTIFIER = lbelvale.APM;
				PRODUCT_NAME = "$(TARGET_NAME)";
				SWIFT_VERSION = 3.0;
			};
			name = Release;
		};
/* End XCBuildConfiguration section */

/* Begin XCConfigurationList section */
		0DFC25C51DA68EFA00F2BBCA /* Build configuration list for PBXProject "APM" */ = {
			isa = XCConfigurationList;
			buildConfigurations = (
				0DFC25DA1DA68EFA00F2BBCA /* Debug */,
				0DFC25DB1DA68EFA00F2BBCA /* Release */,
			);
			defaultConfigurationIsVisible = 0;
			defaultConfigurationName = Release;
		};
		0DFC25DC1DA68EFA00F2BBCA /* Build configuration list for PBXNativeTarget "APM" */ = {
			isa = XCConfigurationList;
			buildConfigurations = (
				0DFC25DD1DA68EFA00F2BBCA /* Debug */,
				0DFC25DE1DA68EFA00F2BBCA /* Release */,
			);
			defaultConfigurationIsVisible = 0;
			defaultConfigurationName = Release;
		};
/* End XCConfigurationList section */
	};
	rootObject = 0DFC25C21DA68EFA00F2BBCA /* Project object */;
}
